
Microsoft Visual Studio Solution File, Format Version 12.00
# Visual Studio 15
VisualStudioVersion = 15.0.26730.16
MinimumVisualStudioVersion = 15.0.26124.0
Project("{9A19103F-16F7-4668-BE54-9A1E7A4F7556}") = "DelegatedAuthentication", "src\DelegatedAuthentication\DelegatedAuthentication.csproj", "{F962B19C-6913-4A22-ACA3-5283C96265E5}"
EndProject
Project("{9A19103F-16F7-4668-BE54-9A1E7A4F7556}") = "DelegatedAuthentication.Auth0", "src\DelegatedAuthentication.Auth0\DelegatedAuthentication.Auth0.csproj", "{DC61762F-9ABC-4E80-8D47-65BAE517AA7B}"
EndProject
Project("{9A19103F-16F7-4668-BE54-9A1E7A4F7556}") = "DelegatedAuthentication.WebApi", "src\DelegatedAuthentication.WebApi\DelegatedAuthentication.WebApi.csproj", "{4022C9BC-7247-4B1F-8E5B-91BDDEE41AFA}"
EndProject
Project("{2150E333-8FDC-42A3-9474-1A3956D46DE8}") = "Samples", "Samples", "{81B00BDF-318A-4C5A-BE2E-242F97BA572D}"
EndProject
Project("{9A19103F-16F7-4668-BE54-9A1E7A4F7556}") = "DelegatedAuthentication.Website", "src\DelegatedAuthentication.Website\DelegatedAuthentication.Website.csproj", "{1C9F204B-D3E7-4B87-80AF-58B34B8BA2E3}"
EndProject
Project("{9A19103F-16F7-4668-BE54-9A1E7A4F7556}") = "DelegatedAuthentication.Tests", "tests\DelegatedAuthentication.Tests\DelegatedAuthentication.Tests.csproj", "{341DD0D4-EB14-4C61-BE35-CE83D078E347}"
EndProject
Global
	GlobalSection(SolutionConfigurationPlatforms) = preSolution
		Debug|Any CPU = Debug|Any CPU
		Release|Any CPU = Release|Any CPU
	EndGlobalSection
	GlobalSection(ProjectConfigurationPlatforms) = postSolution
		{F962B19C-6913-4A22-ACA3-5283C96265E5}.Debug|Any CPU.ActiveCfg = Debug|Any CPU
		{F962B19C-6913-4A22-ACA3-5283C96265E5}.Debug|Any CPU.Build.0 = Debug|Any CPU
		{F962B19C-6913-4A22-ACA3-5283C96265E5}.Release|Any CPU.ActiveCfg = Release|Any CPU
		{F962B19C-6913-4A22-ACA3-5283C96265E5}.Release|Any CPU.Build.0 = Release|Any CPU
		{DC61762F-9ABC-4E80-8D47-65BAE517AA7B}.Debug|Any CPU.ActiveCfg = Debug|Any CPU
		{DC61762F-9ABC-4E80-8D47-65BAE517AA7B}.Debug|Any CPU.Build.0 = Debug|Any CPU
		{DC61762F-9ABC-4E80-8D47-65BAE517AA7B}.Release|Any CPU.ActiveCfg = Release|Any CPU
		{DC61762F-9ABC-4E80-8D47-65BAE517AA7B}.Release|Any CPU.Build.0 = Release|Any CPU
		{4022C9BC-7247-4B1F-8E5B-91BDDEE41AFA}.Debug|Any CPU.ActiveCfg = Debug|Any CPU
		{4022C9BC-7247-4B1F-8E5B-91BDDEE41AFA}.Debug|Any CPU.Build.0 = Debug|Any CPU
		{4022C9BC-7247-4B1F-8E5B-91BDDEE41AFA}.Release|Any CPU.ActiveCfg = Release|Any CPU
		{4022C9BC-7247-4B1F-8E5B-91BDDEE41AFA}.Release|Any CPU.Build.0 = Release|Any CPU
		{1C9F204B-D3E7-4B87-80AF-58B34B8BA2E3}.Debug|Any CPU.ActiveCfg = Debug|Any CPU
		{1C9F204B-D3E7-4B87-80AF-58B34B8BA2E3}.Debug|Any CPU.Build.0 = Debug|Any CPU
		{1C9F204B-D3E7-4B87-80AF-58B34B8BA2E3}.Release|Any CPU.ActiveCfg = Release|Any CPU
		{1C9F204B-D3E7-4B87-80AF-58B34B8BA2E3}.Release|Any CPU.Build.0 = Release|Any CPU
		{341DD0D4-EB14-4C61-BE35-CE83D078E347}.Debug|Any CPU.ActiveCfg = Debug|Any CPU
		{341DD0D4-EB14-4C61-BE35-CE83D078E347}.Debug|Any CPU.Build.0 = Debug|Any CPU
		{341DD0D4-EB14-4C61-BE35-CE83D078E347}.Release|Any CPU.ActiveCfg = Release|Any CPU
		{341DD0D4-EB14-4C61-BE35-CE83D078E347}.Release|Any CPU.Build.0 = Release|Any CPU
	EndGlobalSection
	GlobalSection(SolutionProperties) = preSolution
		HideSolutionNode = FALSE
	EndGlobalSection
	GlobalSection(NestedProjects) = preSolution
		{4022C9BC-7247-4B1F-8E5B-91BDDEE41AFA} = {81B00BDF-318A-4C5A-BE2E-242F97BA572D}
		{1C9F204B-D3E7-4B87-80AF-58B34B8BA2E3} = {81B00BDF-318A-4C5A-BE2E-242F97BA572D}
	EndGlobalSection
	GlobalSection(ExtensibilityGlobals) = postSolution
		SolutionGuid = {FE5F4A2D-8417-4930-9C18-70D13494A8E6}
	EndGlobalSection
EndGlobal
